
Microsoft Visual Studio Solution File, Format Version 12.00
# Visual Studio Version 17
VisualStudioVersion = 17.6.33706.43
MinimumVisualStudioVersion = 10.0.40219.1
Project("{FAE04EC0-301F-11D3-BF4B-00C04F79EFBC}") = "HalloEfCore", "HalloEfCore\HalloEfCore.csproj", "{FA5EF05B-53BB-43BD-9F0F-52ACEA2E44B9}"
EndProject
Global
	GlobalSection(SolutionConfigurationPlatforms) = preSolution
		Debug|Any CPU = Debug|Any CPU
		Release|Any CPU = Release|Any CPU
	EndGlobalSection
	GlobalSection(ProjectConfigurationPlatforms) = postSolution
		{FA5EF05B-53BB-43BD-9F0F-52ACEA2E44B9}.Debug|Any CPU.ActiveCfg = Debug|Any CPU
		{FA5EF05B-53BB-43BD-9F0F-52ACEA2E44B9}.Debug|Any CPU.Build.0 = Debug|Any CPU
		{FA5EF05B-53BB-43BD-9F0F-52ACEA2E44B9}.Release|Any CPU.ActiveCfg = Release|Any CPU
		{FA5EF05B-53BB-43BD-9F0F-52ACEA2E44B9}.Release|Any CPU.Build.0 = Release|Any CPU
	EndGlobalSection
	GlobalSection(SolutionProperties) = preSolution
		HideSolutionNode = FALSE
	EndGlobalSection
	GlobalSection(ExtensibilityGlobals) = postSolution
		SolutionGuid = {9E387FD0-D384-4E69-B522-FC48ED2B7401}
	EndGlobalSection
EndGlobal
