
Microsoft Visual Studio Solution File, Format Version 12.00
# Visual Studio Version 17
VisualStudioVersion = 17.7.33711.374
MinimumVisualStudioVersion = 10.0.40219.1
Project("{9A19103F-16F7-4668-BE54-9A1E7A4F7556}") = "ppedv.ByteBay.Model", "ppedv.ByteBay.Model\ppedv.ByteBay.Model.csproj", "{EDAC77F9-87ED-4ECD-89C1-904B9BEEA314}"
EndProject
Project("{9A19103F-16F7-4668-BE54-9A1E7A4F7556}") = "ppedv.ByteBay.Data.EfCore", "ppedv.ByteBay.Data.EfCore\ppedv.ByteBay.Data.EfCore.csproj", "{DBABD8DC-832F-4961-B743-D950E41882AD}"
EndProject
Project("{9A19103F-16F7-4668-BE54-9A1E7A4F7556}") = "ppedv.ByteBay.Data.EfCore.Tests", "ppedv.ByteBay.Data.EfCore.Tests\ppedv.ByteBay.Data.EfCore.Tests.csproj", "{A3A7748B-8732-44ED-BA7C-1C496795969F}"
EndProject
Project("{FAE04EC0-301F-11D3-BF4B-00C04F79EFBC}") = "ppedv.ByteBay.Core", "ppedv.ByteBay.Core\ppedv.ByteBay.Core.csproj", "{86A5D0F8-6361-444C-9505-58D267C0A946}"
EndProject
Project("{FAE04EC0-301F-11D3-BF4B-00C04F79EFBC}") = "ppedv.ByteBay.Core.Tests", "ppedv.ByteBay.Core.Tests\ppedv.ByteBay.Core.Tests.csproj", "{0C2404B7-5197-4C43-9860-70F0D6F8078B}"
EndProject
Project("{FAE04EC0-301F-11D3-BF4B-00C04F79EFBC}") = "ppedv.ByteBay.UI.TestConsole", "ppedv.ByteBay.UI.TestConsole\ppedv.ByteBay.UI.TestConsole.csproj", "{9D2EA185-6B35-4382-B27A-381B22D3A3FE}"
EndProject
Global
	GlobalSection(SolutionConfigurationPlatforms) = preSolution
		Debug|Any CPU = Debug|Any CPU
		Release|Any CPU = Release|Any CPU
	EndGlobalSection
	GlobalSection(ProjectConfigurationPlatforms) = postSolution
		{EDAC77F9-87ED-4ECD-89C1-904B9BEEA314}.Debug|Any CPU.ActiveCfg = Debug|Any CPU
		{EDAC77F9-87ED-4ECD-89C1-904B9BEEA314}.Debug|Any CPU.Build.0 = Debug|Any CPU
		{EDAC77F9-87ED-4ECD-89C1-904B9BEEA314}.Release|Any CPU.ActiveCfg = Release|Any CPU
		{EDAC77F9-87ED-4ECD-89C1-904B9BEEA314}.Release|Any CPU.Build.0 = Release|Any CPU
		{DBABD8DC-832F-4961-B743-D950E41882AD}.Debug|Any CPU.ActiveCfg = Debug|Any CPU
		{DBABD8DC-832F-4961-B743-D950E41882AD}.Debug|Any CPU.Build.0 = Debug|Any CPU
		{DBABD8DC-832F-4961-B743-D950E41882AD}.Release|Any CPU.ActiveCfg = Release|Any CPU
		{DBABD8DC-832F-4961-B743-D950E41882AD}.Release|Any CPU.Build.0 = Release|Any CPU
		{A3A7748B-8732-44ED-BA7C-1C496795969F}.Debug|Any CPU.ActiveCfg = Debug|Any CPU
		{A3A7748B-8732-44ED-BA7C-1C496795969F}.Debug|Any CPU.Build.0 = Debug|Any CPU
		{A3A7748B-8732-44ED-BA7C-1C496795969F}.Release|Any CPU.ActiveCfg = Release|Any CPU
		{A3A7748B-8732-44ED-BA7C-1C496795969F}.Release|Any CPU.Build.0 = Release|Any CPU
		{86A5D0F8-6361-444C-9505-58D267C0A946}.Debug|Any CPU.ActiveCfg = Debug|Any CPU
		{86A5D0F8-6361-444C-9505-58D267C0A946}.Debug|Any CPU.Build.0 = Debug|Any CPU
		{86A5D0F8-6361-444C-9505-58D267C0A946}.Release|Any CPU.ActiveCfg = Release|Any CPU
		{86A5D0F8-6361-444C-9505-58D267C0A946}.Release|Any CPU.Build.0 = Release|Any CPU
		{0C2404B7-5197-4C43-9860-70F0D6F8078B}.Debug|Any CPU.ActiveCfg = Debug|Any CPU
		{0C2404B7-5197-4C43-9860-70F0D6F8078B}.Debug|Any CPU.Build.0 = Debug|Any CPU
		{0C2404B7-5197-4C43-9860-70F0D6F8078B}.Release|Any CPU.ActiveCfg = Release|Any CPU
		{0C2404B7-5197-4C43-9860-70F0D6F8078B}.Release|Any CPU.Build.0 = Release|Any CPU
		{9D2EA185-6B35-4382-B27A-381B22D3A3FE}.Debug|Any CPU.ActiveCfg = Debug|Any CPU
		{9D2EA185-6B35-4382-B27A-381B22D3A3FE}.Debug|Any CPU.Build.0 = Debug|Any CPU
		{9D2EA185-6B35-4382-B27A-381B22D3A3FE}.Release|Any CPU.ActiveCfg = Release|Any CPU
		{9D2EA185-6B35-4382-B27A-381B22D3A3FE}.Release|Any CPU.Build.0 = Release|Any CPU
	EndGlobalSection
	GlobalSection(SolutionProperties) = preSolution
		HideSolutionNode = FALSE
	EndGlobalSection
	GlobalSection(ExtensibilityGlobals) = postSolution
		SolutionGuid = {CBFA35A5-1E97-4477-874F-921BD4831077}
	EndGlobalSection
EndGlobal
